# THIS IS AN AUTOGENERATED FILE. DO NOT EDIT THIS FILE DIRECTLY.
# yarn lockfile v1


"@babel/runtime@^7.25.6":
  version "7.25.6"
  resolved "https://registry.yarnpkg.com/@babel/runtime/-/runtime-7.25.6.tgz#9afc3289f7184d8d7f98b099884c26317b9264d2"
  integrity sha512-VBj9MYyDb9tuLq7yzqjgzt6Q+IBQLrGZfdjOekyEirZPHxXWoTSGUTMrpsfi58Up73d13NfYLv8HT9vmznjzhQ==
  dependencies:
    regenerator-runtime "^0.14.0"

"@mui/icons-material@^6.1.1":
  version "6.1.1"
  resolved "https://registry.yarnpkg.com/@mui/icons-material/-/icons-material-6.1.1.tgz#9582c676018f27fd5c433f7abeb77b1ee5955b31"
  integrity sha512-sy/YKwcLPW8VcacNP2uWMYR9xyWuwO9NN9FXuGEU90bRshBXj8pdKk+joe3TCW7oviVS3zXLHlc94wQ0jNsQRQ==
  dependencies:
    "@babel/runtime" "^7.25.6"

regenerator-runtime@^0.14.0:
  version "0.14.1"
  resolved "https://registry.yarnpkg.com/regenerator-runtime/-/regenerator-runtime-0.14.1.tgz#356ade10263f685dda125100cd862c1db895327f"
  integrity sha512-dYnhHh0nJoMfnkZs6GmmhFknAGRrLznOu5nc9ML+EJxGvrx6H7teuevqVqCuPcPK//3eDrrjQhehXVx9cnkGdw==
